
Microsoft Visual Studio Solution File, Format Version 12.00
Project("{2150E333-8FDC-42A3-9474-1A3956D46DE8}") = "src", "src", "{E10E8D40-CFFC-4F8E-A1EF-1DCA634BE47D}"
EndProject
Project("{2150E333-8FDC-42A3-9474-1A3956D46DE8}") = "tests", "tests", "{3AC973AC-DD95-4015-A822-475BB53C66E4}"
EndProject
Project("{FAE04EC0-301F-11D3-BF4B-00C04F79EFBC}") = "ChoiceAPI.Api", "ChoiceAPI.Api\ChoiceAPI.Api.csproj", "{5572FAC7-367E-41E4-A218-30F2B2403A9F}"
EndProject
Project("{FAE04EC0-301F-11D3-BF4B-00C04F79EFBC}") = "ChoiceAPI.Core", "ChoiceAPI.Core\ChoiceAPI.Core.csproj", "{CF54D786-D4BE-4148-815E-FA33736C06B7}"
EndProject
Project("{FAE04EC0-301F-11D3-BF4B-00C04F79EFBC}") = "ChoiceAPI.Infrastructure", "ChoiceAPI.Infrastructure\ChoiceAPI.Infrastructure.csproj", "{F473BED8-BA79-4B56-B30D-3DC181F37567}"
EndProject
Global
	GlobalSection(SolutionConfigurationPlatforms) = preSolution
		Debug|Any CPU = Debug|Any CPU
		Release|Any CPU = Release|Any CPU
	EndGlobalSection
	GlobalSection(NestedProjects) = preSolution
		{5572FAC7-367E-41E4-A218-30F2B2403A9F} = {E10E8D40-CFFC-4F8E-A1EF-1DCA634BE47D}
		{CF54D786-D4BE-4148-815E-FA33736C06B7} = {E10E8D40-CFFC-4F8E-A1EF-1DCA634BE47D}
		{F473BED8-BA79-4B56-B30D-3DC181F37567} = {E10E8D40-CFFC-4F8E-A1EF-1DCA634BE47D}
	EndGlobalSection
	GlobalSection(ProjectConfigurationPlatforms) = postSolution
		{5572FAC7-367E-41E4-A218-30F2B2403A9F}.Debug|Any CPU.ActiveCfg = Debug|Any CPU
		{5572FAC7-367E-41E4-A218-30F2B2403A9F}.Debug|Any CPU.Build.0 = Debug|Any CPU
		{5572FAC7-367E-41E4-A218-30F2B2403A9F}.Release|Any CPU.ActiveCfg = Release|Any CPU
		{5572FAC7-367E-41E4-A218-30F2B2403A9F}.Release|Any CPU.Build.0 = Release|Any CPU
		{CF54D786-D4BE-4148-815E-FA33736C06B7}.Debug|Any CPU.ActiveCfg = Debug|Any CPU
		{CF54D786-D4BE-4148-815E-FA33736C06B7}.Debug|Any CPU.Build.0 = Debug|Any CPU
		{CF54D786-D4BE-4148-815E-FA33736C06B7}.Release|Any CPU.ActiveCfg = Release|Any CPU
		{CF54D786-D4BE-4148-815E-FA33736C06B7}.Release|Any CPU.Build.0 = Release|Any CPU
		{F473BED8-BA79-4B56-B30D-3DC181F37567}.Debug|Any CPU.ActiveCfg = Debug|Any CPU
		{F473BED8-BA79-4B56-B30D-3DC181F37567}.Debug|Any CPU.Build.0 = Debug|Any CPU
		{F473BED8-BA79-4B56-B30D-3DC181F37567}.Release|Any CPU.ActiveCfg = Release|Any CPU
		{F473BED8-BA79-4B56-B30D-3DC181F37567}.Release|Any CPU.Build.0 = Release|Any CPU
	EndGlobalSection
EndGlobal
